uuid: 7f251682-3f7d-4eaa-9f97-577ec42de7f8
langcode: en
status: true
dependencies:
  module:
    - block_field
    - paragraphs
_core:
  default_config_hash: IZ3P8IXNQjKLLIGMaeX8cdE2hl3kCKHJJ6EYPNx0OB4
id: paragraph.ama_block
field_name: ama_block
entity_type: paragraph
type: block_field
settings: {  }
module: block_field
locked: false
cardinality: 1
translatable: true
indexes: {  }
persist_with_no_fields: false
custom_storage: false
